PODS:
  - DKExternalKeyboard (1.0.0)

DEPENDENCIES:
  - DKExternalKeyboard (from `../`)

EXTERNAL SOURCES:
  DKExternalKeyboard:
    :path: "../"

SPEC CHECKSUMS:
  DKExternalKeyboard: 27f0cb4542dc2535330125ec7bbee8c4cea8fb13

PODFILE CHECKSUM: 39188e4c5ee593ed816a682623d64cf4af19c4c9

COCOAPODS: 1.5.3
